
Microsoft Visual Studio Solution File, Format Version 12.00
# Visual Studio 15
VisualStudioVersion = 15.0.26430.12
MinimumVisualStudioVersion = 10.0.40219.1
Project("{FAE04EC0-301F-11D3-BF4B-00C04F79EFBC}") = "MicroBase.WebApi", "MicroBase.WebApi\MicroBase.WebApi.csproj", "{01CC815B-86EF-40E0-88AA-7373B098F361}"
EndProject
Project("{FAE04EC0-301F-11D3-BF4B-00C04F79EFBC}") = "MicroBase.Core", "MicroBase.Core\MicroBase.Core.csproj", "{A56D91E1-97CA-4B0D-B163-00A1E88E9B76}"
EndProject
Global
	GlobalSection(SolutionConfigurationPlatforms) = preSolution
		Debug|Any CPU = Debug|Any CPU
		Release|Any CPU = Release|Any CPU
	EndGlobalSection
	GlobalSection(ProjectConfigurationPlatforms) = postSolution
		{01CC815B-86EF-40E0-88AA-7373B098F361}.Debug|Any CPU.ActiveCfg = Debug|Any CPU
		{01CC815B-86EF-40E0-88AA-7373B098F361}.Debug|Any CPU.Build.0 = Debug|Any CPU
		{01CC815B-86EF-40E0-88AA-7373B098F361}.Release|Any CPU.ActiveCfg = Release|Any CPU
		{01CC815B-86EF-40E0-88AA-7373B098F361}.Release|Any CPU.Build.0 = Release|Any CPU
		{A56D91E1-97CA-4B0D-B163-00A1E88E9B76}.Debug|Any CPU.ActiveCfg = Debug|Any CPU
		{A56D91E1-97CA-4B0D-B163-00A1E88E9B76}.Debug|Any CPU.Build.0 = Debug|Any CPU
		{A56D91E1-97CA-4B0D-B163-00A1E88E9B76}.Release|Any CPU.ActiveCfg = Release|Any CPU
		{A56D91E1-97CA-4B0D-B163-00A1E88E9B76}.Release|Any CPU.Build.0 = Release|Any CPU
	EndGlobalSection
	GlobalSection(SolutionProperties) = preSolution
		HideSolutionNode = FALSE
	EndGlobalSection
EndGlobal
